// !$*UTF8*$!
{
	archiveVersion = 1;
	classes = {
	};
	objectVersion = 56;
	objects = {

/* Begin PBXBuildFile section */
		B3EDC9CC2BEC651200566FE5 /* AppDelegate.swift in Sources */ = {isa = PBXBuildFile; fileRef = B3EDC9CB2BEC651200566FE5 /* AppDelegate.swift */; };
		B3EDC9CE2BEC651200566FE5 /* SceneDelegate.swift in Sources */ = {isa = PBXBuildFile; fileRef = B3EDC9CD2BEC651200566FE5 /* SceneDelegate.swift */; };
		B3EDC9D02BEC651200566FE5 /* ViewController.swift in Sources */ = {isa = PBXBuildFile; fileRef = B3EDC9CF2BEC651200566FE5 /* ViewController.swift */; };
		B3EDC9D32BEC651200566FE5 /* Main.storyboard in Resources */ = {isa = PBXBuildFile; fileRef = B3EDC9D12BEC651200566FE5 /* Main.storyboard */; };
		B3EDC9D52BEC651600566FE5 /* Assets.xcassets in Resources */ = {isa = PBXBuildFile; fileRef = B3EDC9D42BEC651600566FE5 /* Assets.xcassets */; };
		B3EDC9D82BEC651600566FE5 /* LaunchScreen.storyboard in Resources */ = {isa = PBXBuildFile; fileRef = B3EDC9D62BEC651600566FE5 /* LaunchScreen.storyboard */; };
		B3EDC9E32BEC651700566FE5 /* PiazzaTests.swift in Sources */ = {isa = PBXBuildFile; fileRef = B3EDC9E22BEC651700566FE5 /* PiazzaTests.swift */; };
		B3EDC9ED2BEC651700566FE5 /* PiazzaUITests.swift in Sources */ = {isa = PBXBuildFile; fileRef = B3EDC9EC2BEC651700566FE5 /* PiazzaUITests.swift */; };
		B3EDC9EF2BEC651700566FE5 /* PiazzaUITestsLaunchTests.swift in Sources */ = {isa = PBXBuildFile; fileRef = B3EDC9EE2BEC651700566FE5 /* PiazzaUITestsLaunchTests.swift */; };
		B3EDC9FD2BEC659600566FE5 /* Turbo in Frameworks */ = {isa = PBXBuildFile; productRef = B3EDC9FC2BEC659600566FE5 /* Turbo */; };
		B3EDCA002BEC661600566FE5 /* Strada in Frameworks */ = {isa = PBXBuildFile; productRef = B3EDC9FF2BEC661600566FE5 /* Strada */; };
/* End PBXBuildFile section */

/* Begin PBXContainerItemProxy section */
		B3EDC9DF2BEC651700566FE5 /* PBXContainerItemProxy */ = {
			isa = PBXContainerItemProxy;
			containerPortal = B3EDC9C02BEC651200566FE5 /* Project object */;
			proxyType = 1;
			remoteGlobalIDString = B3EDC9C72BEC651200566FE5;
			remoteInfo = Piazza;
		};
		B3EDC9E92BEC651700566FE5 /* PBXContainerItemProxy */ = {
			isa = PBXContainerItemProxy;
			containerPortal = B3EDC9C02BEC651200566FE5 /* Project object */;
			proxyType = 1;
			remoteGlobalIDString = B3EDC9C72BEC651200566FE5;
			remoteInfo = Piazza;
		};
/* End PBXContainerItemProxy section */

/* Begin PBXFileReference section */
		B3EDC9C82BEC651200566FE5 /* Piazza.app */ = {isa = PBXFileReference; explicitFileType = wrapper.application; includeInIndex = 0; path = Piazza.app; sourceTree = BUILT_PRODUCTS_DIR; };
		B3EDC9CB2BEC651200566FE5 /* AppDelegate.swift */ = {isa = PBXFileReference; lastKnownFileType = sourcecode.swift; path = AppDelegate.swift; sourceTree = "<group>"; };
		B3EDC9CD2BEC651200566FE5 /* SceneDelegate.swift */ = {isa = PBXFileReference; lastKnownFileType = sourcecode.swift; path = SceneDelegate.swift; sourceTree = "<group>"; };
		B3EDC9CF2BEC651200566FE5 /* ViewController.swift */ = {isa = PBXFileReference; lastKnownFileType = sourcecode.swift; path = ViewController.swift; sourceTree = "<group>"; };
		B3EDC9D22BEC651200566FE5 /* Base */ = {isa = PBXFileReference; lastKnownFileType = file.storyboard; name = Base; path = Base.lproj/Main.storyboard; sourceTree = "<group>"; };
		B3EDC9D42BEC651600566FE5 /* Assets.xcassets */ = {isa = PBXFileReference; lastKnownFileType = folder.assetcatalog; path = Assets.xcassets; sourceTree = "<group>"; };
		B3EDC9D72BEC651600566FE5 /* Base */ = {isa = PBXFileReference; lastKnownFileType = file.storyboard; name = Base; path = Base.lproj/LaunchScreen.storyboard; sourceTree = "<group>"; };
		B3EDC9D92BEC651600566FE5 /* Info.plist */ = {isa = PBXFileReference; lastKnownFileType = text.plist.xml; path = Info.plist; sourceTree = "<group>"; };
		B3EDC9DE2BEC651700566FE5 /* PiazzaTests.xctest */ = {isa = PBXFileReference; explicitFileType = wrapper.cfbundle; includeInIndex = 0; path = PiazzaTests.xctest; sourceTree = BUILT_PRODUCTS_DIR; };
		B3EDC9E22BEC651700566FE5 /* PiazzaTests.swift */ = {isa = PBXFileReference; lastKnownFileType = sourcecode.swift; path = PiazzaTests.swift; sourceTree = "<group>"; };
		B3EDC9E82BEC651700566FE5 /* PiazzaUITests.xctest */ = {isa = PBXFileReference; explicitFileType = wrapper.cfbundle; includeInIndex = 0; path = PiazzaUITests.xctest; sourceTree = BUILT_PRODUCTS_DIR; };
		B3EDC9EC2BEC651700566FE5 /* PiazzaUITests.swift */ = {isa = PBXFileReference; lastKnownFileType = sourcecode.swift; path = PiazzaUITests.swift; sourceTree = "<group>"; };
		B3EDC9EE2BEC651700566FE5 /* PiazzaUITestsLaunchTests.swift */ = {isa = PBXFileReference; lastKnownFileType = sourcecode.swift; path = PiazzaUITestsLaunchTests.swift; sourceTree = "<group>"; };
/* End PBXFileReference section */

/* Begin PBXFrameworksBuildPhase section */
		B3EDC9C52BEC651200566FE5 /* Frameworks */ = {
			isa = PBXFrameworksBuildPhase;
			buildActionMask = 2147483647;
			files = (
				B3EDC9FD2BEC659600566FE5 /* Turbo in Frameworks */,
				B3EDCA002BEC661600566FE5 /* Strada in Frameworks */,
			);
			runOnlyForDeploymentPostprocessing = 0;
		};
		B3EDC9DB2BEC651700566FE5 /* Frameworks */ = {
			isa = PBXFrameworksBuildPhase;
			buildActionMask = 2147483647;
			files = (
			);
			runOnlyForDeploymentPostprocessing = 0;
		};
		B3EDC9E52BEC651700566FE5 /* Frameworks */ = {
			isa = PBXFrameworksBuildPhase;
			buildActionMask = 2147483647;
			files = (
			);
			runOnlyForDeploymentPostprocessing = 0;
		};
/* End PBXFrameworksBuildPhase section */

/* Begin PBXGroup section */
		B3EDC9BF2BEC651200566FE5 = {
			isa = PBXGroup;
			children = (
				B3EDC9CA2BEC651200566FE5 /* Piazza */,
				B3EDC9E12BEC651700566FE5 /* PiazzaTests */,
				B3EDC9EB2BEC651700566FE5 /* PiazzaUITests */,
				B3EDC9C92BEC651200566FE5 /* Products */,
			);
			sourceTree = "<group>";
		};
		B3EDC9C92BEC651200566FE5 /* Products */ = {
			isa = PBXGroup;
			children = (
				B3EDC9C82BEC651200566FE5 /* Piazza.app */,
				B3EDC9DE2BEC651700566FE5 /* PiazzaTests.xctest */,
				B3EDC9E82BEC651700566FE5 /* PiazzaUITests.xctest */,
			);
			name = Products;
			sourceTree = "<group>";
		};
		B3EDC9CA2BEC651200566FE5 /* Piazza */ = {
			isa = PBXGroup;
			children = (
				B3EDC9CB2BEC651200566FE5 /* AppDelegate.swift */,
				B3EDC9CD2BEC651200566FE5 /* SceneDelegate.swift */,
				B3EDC9CF2BEC651200566FE5 /* ViewController.swift */,
				B3EDC9D12BEC651200566FE5 /* Main.storyboard */,
				B3EDC9D42BEC651600566FE5 /* Assets.xcassets */,
				B3EDC9D62BEC651600566FE5 /* LaunchScreen.storyboard */,
				B3EDC9D92BEC651600566FE5 /* Info.plist */,
			);
			path = Piazza;
			sourceTree = "<group>";
		};
		B3EDC9E12BEC651700566FE5 /* PiazzaTests */ = {
			isa = PBXGroup;
			children = (
				B3EDC9E22BEC651700566FE5 /* PiazzaTests.swift */,
			);
			path = PiazzaTests;
			sourceTree = "<group>";
		};
		B3EDC9EB2BEC651700566FE5 /* PiazzaUITests */ = {
			isa = PBXGroup;
			children = (
				B3EDC9EC2BEC651700566FE5 /* PiazzaUITests.swift */,
				B3EDC9EE2BEC651700566FE5 /* PiazzaUITestsLaunchTests.swift */,
			);
			path = PiazzaUITests;
			sourceTree = "<group>";
		};
/* End PBXGroup section */

/* Begin PBXNativeTarget section */
		B3EDC9C72BEC651200566FE5 /* Piazza */ = {
			isa = PBXNativeTarget;
			buildConfigurationList = B3EDC9F22BEC651700566FE5 /* Build configuration list for PBXNativeTarget "Piazza" */;
			buildPhases = (
				B3EDC9C42BEC651200566FE5 /* Sources */,
				B3EDC9C52BEC651200566FE5 /* Frameworks */,
				B3EDC9C62BEC651200566FE5 /* Resources */,
			);
			buildRules = (
			);
			dependencies = (
			);
			name = Piazza;
			packageProductDependencies = (
				B3EDC9FC2BEC659600566FE5 /* Turbo */,
				B3EDC9FF2BEC661600566FE5 /* Strada */,
			);
			productName = Piazza;
			productReference = B3EDC9C82BEC651200566FE5 /* Piazza.app */;
			productType = "com.apple.product-type.application";
		};
		B3EDC9DD2BEC651700566FE5 /* PiazzaTests */ = {
			isa = PBXNativeTarget;
			buildConfigurationList = B3EDC9F52BEC651700566FE5 /* Build configuration list for PBXNativeTarget "PiazzaTests" */;
			buildPhases = (
				B3EDC9DA2BEC651700566FE5 /* Sources */,
				B3EDC9DB2BEC651700566FE5 /* Frameworks */,
				B3EDC9DC2BEC651700566FE5 /* Resources */,
			);
			buildRules = (
			);
			dependencies = (
				B3EDC9E02BEC651700566FE5 /* PBXTargetDependency */,
			);
			name = PiazzaTests;
			productName = PiazzaTests;
			productReference = B3EDC9DE2BEC651700566FE5 /* PiazzaTests.xctest */;
			productType = "com.apple.product-type.bundle.unit-test";
		};
		B3EDC9E72BEC651700566FE5 /* PiazzaUITests */ = {
			isa = PBXNativeTarget;
			buildConfigurationList = B3EDC9F82BEC651700566FE5 /* Build configuration list for PBXNativeTarget "PiazzaUITests" */;
			buildPhases = (
				B3EDC9E42BEC651700566FE5 /* Sources */,
				B3EDC9E52BEC651700566FE5 /* Frameworks */,
				B3EDC9E62BEC651700566FE5 /* Resources */,
			);
			buildRules = (
			);
			dependencies = (
				B3EDC9EA2BEC651700566FE5 /* PBXTargetDependency */,
			);
			name = PiazzaUITests;
			productName = PiazzaUITests;
			productReference = B3EDC9E82BEC651700566FE5 /* PiazzaUITests.xctest */;
			productType = "com.apple.product-type.bundle.ui-testing";
		};
/* End PBXNativeTarget section */

/* Begin PBXProject section */
		B3EDC9C02BEC651200566FE5 /* Project object */ = {
			isa = PBXProject;
			attributes = {
				BuildIndependentTargetsInParallel = 1;
				LastSwiftUpdateCheck = 1520;
				LastUpgradeCheck = 1520;
				TargetAttributes = {
					B3EDC9C72BEC651200566FE5 = {
						CreatedOnToolsVersion = 15.2;
					};
					B3EDC9DD2BEC651700566FE5 = {
						CreatedOnToolsVersion = 15.2;
						TestTargetID = B3EDC9C72BEC651200566FE5;
					};
					B3EDC9E72BEC651700566FE5 = {
						CreatedOnToolsVersion = 15.2;
						TestTargetID = B3EDC9C72BEC651200566FE5;
					};
				};
			};
			buildConfigurationList = B3EDC9C32BEC651200566FE5 /* Build configuration list for PBXProject "Piazza" */;
			compatibilityVersion = "Xcode 14.0";
			developmentRegion = en;
			hasScannedForEncodings = 0;
			knownRegions = (
				en,
				Base,
			);
			mainGroup = B3EDC9BF2BEC651200566FE5;
			packageReferences = (
				B3EDC9FB2BEC659600566FE5 /* XCRemoteSwiftPackageReference "turbo-ios" */,
				B3EDC9FE2BEC661600566FE5 /* XCRemoteSwiftPackageReference "strada-ios" */,
			);
			productRefGroup = B3EDC9C92BEC651200566FE5 /* Products */;
			projectDirPath = "";
			projectRoot = "";
			targets = (
				B3EDC9C72BEC651200566FE5 /* Piazza */,
				B3EDC9DD2BEC651700566FE5 /* PiazzaTests */,
				B3EDC9E72BEC651700566FE5 /* PiazzaUITests */,
			);
		};
/* End PBXProject section */

/* Begin PBXResourcesBuildPhase section */
		B3EDC9C62BEC651200566FE5 /* Resources */ = {
			isa = PBXResourcesBuildPhase;
			buildActionMask = 2147483647;
			files = (
				B3EDC9D82BEC651600566FE5 /* LaunchScreen.storyboard in Resources */,
				B3EDC9D52BEC651600566FE5 /* Assets.xcassets in Resources */,
				B3EDC9D32BEC651200566FE5 /* Main.storyboard in Resources */,
			);
			runOnlyForDeploymentPostprocessing = 0;
		};
		B3EDC9DC2BEC651700566FE5 /* Resources */ = {
			isa = PBXResourcesBuildPhase;
			buildActionMask = 2147483647;
			files = (
			);
			runOnlyForDeploymentPostprocessing = 0;
		};
		B3EDC9E62BEC651700566FE5 /* Resources */ = {
			isa = PBXResourcesBuildPhase;
			buildActionMask = 2147483647;
			files = (
			);
			runOnlyForDeploymentPostprocessing = 0;
		};
/* End PBXResourcesBuildPhase section */

/* Begin PBXSourcesBuildPhase section */
		B3EDC9C42BEC651200566FE5 /* Sources */ = {
			isa = PBXSourcesBuildPhase;
			buildActionMask = 2147483647;
			files = (
				B3EDC9D02BEC651200566FE5 /* ViewController.swift in Sources */,
				B3EDC9CC2BEC651200566FE5 /* AppDelegate.swift in Sources */,
				B3EDC9CE2BEC651200566FE5 /* SceneDelegate.swift in Sources */,
			);
			runOnlyForDeploymentPostprocessing = 0;
		};
		B3EDC9DA2BEC651700566FE5 /* Sources */ = {
			isa = PBXSourcesBuildPhase;
			buildActionMask = 2147483647;
			files = (
				B3EDC9E32BEC651700566FE5 /* PiazzaTests.swift in Sources */,
			);
			runOnlyForDeploymentPostprocessing = 0;
		};
		B3EDC9E42BEC651700566FE5 /* Sources */ = {
			isa = PBXSourcesBuildPhase;
			buildActionMask = 2147483647;
			files = (
				B3EDC9ED2BEC651700566FE5 /* PiazzaUITests.swift in Sources */,
				B3EDC9EF2BEC651700566FE5 /* PiazzaUITestsLaunchTests.swift in Sources */,
			);
			runOnlyForDeploymentPostprocessing = 0;
		};
/* End PBXSourcesBuildPhase section */

/* Begin PBXTargetDependency section */
		B3EDC9E02BEC651700566FE5 /* PBXTargetDependency */ = {
			isa = PBXTargetDependency;
			target = B3EDC9C72BEC651200566FE5 /* Piazza */;
			targetProxy = B3EDC9DF2BEC651700566FE5 /* PBXContainerItemProxy */;
		};
		B3EDC9EA2BEC651700566FE5 /* PBXTargetDependency */ = {
			isa = PBXTargetDependency;
			target = B3EDC9C72BEC651200566FE5 /* Piazza */;
			targetProxy = B3EDC9E92BEC651700566FE5 /* PBXContainerItemProxy */;
		};
/* End PBXTargetDependency section */

/* Begin PBXVariantGroup section */
		B3EDC9D12BEC651200566FE5 /* Main.storyboard */ = {
			isa = PBXVariantGroup;
			children = (
				B3EDC9D22BEC651200566FE5 /* Base */,
			);
			name = Main.storyboard;
			sourceTree = "<group>";
		};
		B3EDC9D62BEC651600566FE5 /* LaunchScreen.storyboard */ = {
			isa = PBXVariantGroup;
			children = (
				B3EDC9D72BEC651600566FE5 /* Base */,
			);
			name = LaunchScreen.storyboard;
			sourceTree = "<group>";
		};
/* End PBXVariantGroup section */

/* Begin XCBuildConfiguration section */
		B3EDC9F02BEC651700566FE5 /* Debug */ = {
			isa = XCBuildConfiguration;
			buildSettings = {
				ALWAYS_SEARCH_USER_PATHS = NO;
				ASSETCATALOG_COMPILER_GENERATE_SWIFT_ASSET_SYMBOL_EXTENSIONS = YES;
				CLANG_ANALYZER_NONNULL = YES;
				CLANG_ANALYZER_NUMBER_OBJECT_CONVERSION = YES_AGGRESSIVE;
				CLANG_CXX_LANGUAGE_STANDARD = "gnu++20";
				CLANG_ENABLE_MODULES = YES;
				CLANG_ENABLE_OBJC_ARC = YES;
				CLANG_ENABLE_OBJC_WEAK = YES;
				CLANG_WARN_BLOCK_CAPTURE_AUTORELEASING = YES;
				CLANG_WARN_BOOL_CONVERSION = YES;
				CLANG_WARN_COMMA = YES;
				CLANG_WARN_CONSTANT_CONVERSION = YES;
				CLANG_WARN_DEPRECATED_OBJC_IMPLEMENTATIONS = YES;
				CLANG_WARN_DIRECT_OBJC_ISA_USAGE = YES_ERROR;
				CLANG_WARN_DOCUMENTATION_COMMENTS = YES;
				CLANG_WARN_EMPTY_BODY = YES;
				CLANG_WARN_ENUM_CONVERSION = YES;
				CLANG_WARN_INFINITE_RECURSION = YES;
				CLANG_WARN_INT_CONVERSION = YES;
				CLANG_WARN_NON_LITERAL_NULL_CONVERSION = YES;
				CLANG_WARN_OBJC_IMPLICIT_RETAIN_SELF = YES;
				CLANG_WARN_OBJC_LITERAL_CONVERSION = YES;
				CLANG_WARN_OBJC_ROOT_CLASS = YES_ERROR;
				CLANG_WARN_QUOTED_INCLUDE_IN_FRAMEWORK_HEADER = YES;
				CLANG_WARN_RANGE_LOOP_ANALYSIS = YES;
				CLANG_WARN_STRICT_PROTOTYPES = YES;
				CLANG_WARN_SUSPICIOUS_MOVE = YES;
				CLANG_WARN_UNGUARDED_AVAILABILITY = YES_AGGRESSIVE;
				CLANG_WARN_UNREACHABLE_CODE = YES;
				CLANG_WARN__DUPLICATE_METHOD_MATCH = YES;
				COPY_PHASE_STRIP = NO;
				DEBUG_INFORMATION_FORMAT = dwarf;
				ENABLE_STRICT_OBJC_MSGSEND = YES;
				ENABLE_TESTABILITY = YES;
				ENABLE_USER_SCRIPT_SANDBOXING = YES;
				GCC_C_LANGUAGE_STANDARD = gnu17;
				GCC_DYNAMIC_NO_PIC = NO;
				GCC_NO_COMMON_BLOCKS = YES;
				GCC_OPTIMIZATION_LEVEL = 0;
				GCC_PREPROCESSOR_DEFINITIONS = (
					"DEBUG=1",
					"$(inherited)",
				);
				GCC_WARN_64_TO_32_BIT_CONVERSION = YES;
				GCC_WARN_ABOUT_RETURN_TYPE = YES_ERROR;
				GCC_WARN_UNDECLARED_SELECTOR = YES;
				GCC_WARN_UNINITIALIZED_AUTOS = YES_AGGRESSIVE;
				GCC_WARN_UNUSED_FUNCTION = YES;
				GCC_WARN_UNUSED_VARIABLE = YES;
				IPHONEOS_DEPLOYMENT_TARGET = 17.2;
				LOCALIZATION_PREFERS_STRING_CATALOGS = YES;
				MTL_ENABLE_DEBUG_INFO = INCLUDE_SOURCE;
				MTL_FAST_MATH = YES;
				ONLY_ACTIVE_ARCH = YES;
				SDKROOT = iphoneos;
				SWIFT_ACTIVE_COMPILATION_CONDITIONS = "DEBUG $(inherited)";
				SWIFT_OPTIMIZATION_LEVEL = "-Onone";
			};
			name = Debug;
		};
		B3EDC9F12BEC651700566FE5 /* Release */ = {
			isa = XCBuildConfiguration;
			buildSettings = {
				ALWAYS_SEARCH_USER_PATHS = NO;
				ASSETCATALOG_COMPILER_GENERATE_SWIFT_ASSET_SYMBOL_EXTENSIONS = YES;
				CLANG_ANALYZER_NONNULL = YES;
				CLANG_ANALYZER_NUMBER_OBJECT_CONVERSION = YES_AGGRESSIVE;
				CLANG_CXX_LANGUAGE_STANDARD = "gnu++20";
				CLANG_ENABLE_MODULES = YES;
				CLANG_ENABLE_OBJC_ARC = YES;
				CLANG_ENABLE_OBJC_WEAK = YES;
				CLANG_WARN_BLOCK_CAPTURE_AUTORELEASING = YES;
				CLANG_WARN_BOOL_CONVERSION = YES;
				CLANG_WARN_COMMA = YES;
				CLANG_WARN_CONSTANT_CONVERSION = YES;
				CLANG_WARN_DEPRECATED_OBJC_IMPLEMENTATIONS = YES;
				CLANG_WARN_DIRECT_OBJC_ISA_USAGE = YES_ERROR;
				CLANG_WARN_DOCUMENTATION_COMMENTS = YES;
				CLANG_WARN_EMPTY_BODY = YES;
				CLANG_WARN_ENUM_CONVERSION = YES;
				CLANG_WARN_INFINITE_RECURSION = YES;
				CLANG_WARN_INT_CONVERSION = YES;
				CLANG_WARN_NON_LITERAL_NULL_CONVERSION = YES;
				CLANG_WARN_OBJC_IMPLICIT_RETAIN_SELF = YES;
				CLANG_WARN_OBJC_LITERAL_CONVERSION = YES;
				CLANG_WARN_OBJC_ROOT_CLASS = YES_ERROR;
				CLANG_WARN_QUOTED_INCLUDE_IN_FRAMEWORK_HEADER = YES;
				CLANG_WARN_RANGE_LOOP_ANALYSIS = YES;
				CLANG_WARN_STRICT_PROTOTYPES = YES;
				CLANG_WARN_SUSPICIOUS_MOVE = YES;
				CLANG_WARN_UNGUARDED_AVAILABILITY = YES_AGGRESSIVE;
				CLANG_WARN_UNREACHABLE_CODE = YES;
				CLANG_WARN__DUPLICATE_METHOD_MATCH = YES;
				COPY_PHASE_STRIP = NO;
				DEBUG_INFORMATION_FORMAT = "dwarf-with-dsym";
				ENABLE_NS_ASSERTIONS = NO;
				ENABLE_STRICT_OBJC_MSGSEND = YES;
				ENABLE_USER_SCRIPT_SANDBOXING = YES;
				GCC_C_LANGUAGE_STANDARD = gnu17;
				GCC_NO_COMMON_BLOCKS = YES;
				GCC_WARN_64_TO_32_BIT_CONVERSION = YES;
				GCC_WARN_ABOUT_RETURN_TYPE = YES_ERROR;
				GCC_WARN_UNDECLARED_SELECTOR = YES;
				GCC_WARN_UNINITIALIZED_AUTOS = YES_AGGRESSIVE;
				GCC_WARN_UNUSED_FUNCTION = YES;
				GCC_WARN_UNUSED_VARIABLE = YES;
				IPHONEOS_DEPLOYMENT_TARGET = 17.2;
				LOCALIZATION_PREFERS_STRING_CATALOGS = YES;
				MTL_ENABLE_DEBUG_INFO = NO;
				MTL_FAST_MATH = YES;
				SDKROOT = iphoneos;
				SWIFT_COMPILATION_MODE = wholemodule;
				VALIDATE_PRODUCT = YES;
			};
			name = Release;
		};
		B3EDC9F32BEC651700566FE5 /* Debug */ = {
			isa = XCBuildConfiguration;
			buildSettings = {
				ASSETCATALOG_COMPILER_APPICON_NAME = AppIcon;
				ASSETCATALOG_COMPILER_GLOBAL_ACCENT_COLOR_NAME = AccentColor;
				CODE_SIGN_STYLE = Automatic;
				CURRENT_PROJECT_VERSION = 1;
				GENERATE_INFOPLIST_FILE = YES;
				INFOPLIST_FILE = Piazza/Info.plist;
				INFOPLIST_KEY_UIApplicationSupportsIndirectInputEvents = YES;
				INFOPLIST_KEY_UILaunchStoryboardName = LaunchScreen;
				INFOPLIST_KEY_UIMainStoryboardFile = Main;
				INFOPLIST_KEY_UISupportedInterfaceOrientations_iPad = "UIInterfaceOrientationPortrait UIInterfaceOrientationPortraitUpsideDown UIInterfaceOrientationLandscapeLeft UIInterfaceOrientationLandscapeRight";
				INFOPLIST_KEY_UISupportedInterfaceOrientations_iPhone = "UIInterfaceOrientationPortrait UIInterfaceOrientationLandscapeLeft UIInterfaceOrientationLandscapeRight";
				LD_RUNPATH_SEARCH_PATHS = (
					"$(inherited)",
					"@executable_path/Frameworks",
				);
				MARKETING_VERSION = 1.0;
				PRODUCT_BUNDLE_IDENTIFIER = com.feliceforby.Piazza;
				PRODUCT_NAME = "$(TARGET_NAME)";
				SWIFT_EMIT_LOC_STRINGS = YES;
				SWIFT_VERSION = 5.0;
				TARGETED_DEVICE_FAMILY = "1,2";
			};
			name = Debug;
		};
		B3EDC9F42BEC651700566FE5 /* Release */ = {
			isa = XCBuildConfiguration;
			buildSettings = {
				ASSETCATALOG_COMPILER_APPICON_NAME = AppIcon;
				ASSETCATALOG_COMPILER_GLOBAL_ACCENT_COLOR_NAME = AccentColor;
				CODE_SIGN_STYLE = Automatic;
				CURRENT_PROJECT_VERSION = 1;
				GENERATE_INFOPLIST_FILE = YES;
				INFOPLIST_FILE = Piazza/Info.plist;
				INFOPLIST_KEY_UIApplicationSupportsIndirectInputEvents = YES;
				INFOPLIST_KEY_UILaunchStoryboardName = LaunchScreen;
				INFOPLIST_KEY_UIMainStoryboardFile = Main;
				INFOPLIST_KEY_UISupportedInterfaceOrientations_iPad = "UIInterfaceOrientationPortrait UIInterfaceOrientationPortraitUpsideDown UIInterfaceOrientationLandscapeLeft UIInterfaceOrientationLandscapeRight";
				INFOPLIST_KEY_UISupportedInterfaceOrientations_iPhone = "UIInterfaceOrientationPortrait UIInterfaceOrientationLandscapeLeft UIInterfaceOrientationLandscapeRight";
				LD_RUNPATH_SEARCH_PATHS = (
					"$(inherited)",
					"@executable_path/Frameworks",
				);
				MARKETING_VERSION = 1.0;
				PRODUCT_BUNDLE_IDENTIFIER = com.feliceforby.Piazza;
				PRODUCT_NAME = "$(TARGET_NAME)";
				SWIFT_EMIT_LOC_STRINGS = YES;
				SWIFT_VERSION = 5.0;
				TARGETED_DEVICE_FAMILY = "1,2";
			};
			name = Release;
		};
		B3EDC9F62BEC651700566FE5 /* Debug */ = {
			isa = XCBuildConfiguration;
			buildSettings = {
				ALWAYS_EMBED_SWIFT_STANDARD_LIBRARIES = YES;
				BUNDLE_LOADER = "$(TEST_HOST)";
				CODE_SIGN_STYLE = Automatic;
				CURRENT_PROJECT_VERSION = 1;
				GENERATE_INFOPLIST_FILE = YES;
				IPHONEOS_DEPLOYMENT_TARGET = 17.2;
				MARKETING_VERSION = 1.0;
				PRODUCT_BUNDLE_IDENTIFIER = com.feliceforby.PiazzaTests;
				PRODUCT_NAME = "$(TARGET_NAME)";
				SWIFT_EMIT_LOC_STRINGS = NO;
				SWIFT_VERSION = 5.0;
				TARGETED_DEVICE_FAMILY = "1,2";
				TEST_HOST = "$(BUILT_PRODUCTS_DIR)/Piazza.app/$(BUNDLE_EXECUTABLE_FOLDER_PATH)/Piazza";
			};
			name = Debug;
		};
		B3EDC9F72BEC651700566FE5 /* Release */ = {
			isa = XCBuildConfiguration;
			buildSettings = {
				ALWAYS_EMBED_SWIFT_STANDARD_LIBRARIES = YES;
				BUNDLE_LOADER = "$(TEST_HOST)";
				CODE_SIGN_STYLE = Automatic;
				CURRENT_PROJECT_VERSION = 1;
				GENERATE_INFOPLIST_FILE = YES;
				IPHONEOS_DEPLOYMENT_TARGET = 17.2;
				MARKETING_VERSION = 1.0;
				PRODUCT_BUNDLE_IDENTIFIER = com.feliceforby.PiazzaTests;
				PRODUCT_NAME = "$(TARGET_NAME)";
				SWIFT_EMIT_LOC_STRINGS = NO;
				SWIFT_VERSION = 5.0;
				TARGETED_DEVICE_FAMILY = "1,2";
				TEST_HOST = "$(BUILT_PRODUCTS_DIR)/Piazza.app/$(BUNDLE_EXECUTABLE_FOLDER_PATH)/Piazza";
			};
			name = Release;
		};
		B3EDC9F92BEC651700566FE5 /* Debug */ = {
			isa = XCBuildConfiguration;
			buildSettings = {
				ALWAYS_EMBED_SWIFT_STANDARD_LIBRARIES = YES;
				CODE_SIGN_STYLE = Automatic;
				CURRENT_PROJECT_VERSION = 1;
				GENERATE_INFOPLIST_FILE = YES;
				MARKETING_VERSION = 1.0;
				PRODUCT_BUNDLE_IDENTIFIER = com.feliceforby.PiazzaUITests;
				PRODUCT_NAME = "$(TARGET_NAME)";
				SWIFT_EMIT_LOC_STRINGS = NO;
				SWIFT_VERSION = 5.0;
				TARGETED_DEVICE_FAMILY = "1,2";
				TEST_TARGET_NAME = Piazza;
			};
			name = Debug;
		};
		B3EDC9FA2BEC651700566FE5 /* Release */ = {
			isa = XCBuildConfiguration;
			buildSettings = {
				ALWAYS_EMBED_SWIFT_STANDARD_LIBRARIES = YES;
				CODE_SIGN_STYLE = Automatic;
				CURRENT_PROJECT_VERSION = 1;
				GENERATE_INFOPLIST_FILE = YES;
				MARKETING_VERSION = 1.0;
				PRODUCT_BUNDLE_IDENTIFIER = com.feliceforby.PiazzaUITests;
				PRODUCT_NAME = "$(TARGET_NAME)";
				SWIFT_EMIT_LOC_STRINGS = NO;
				SWIFT_VERSION = 5.0;
				TARGETED_DEVICE_FAMILY = "1,2";
				TEST_TARGET_NAME = Piazza;
			};
			name = Release;
		};
/* End XCBuildConfiguration section */

/* Begin XCConfigurationList section */
		B3EDC9C32BEC651200566FE5 /* Build configuration list for PBXProject "Piazza" */ = {
			isa = XCConfigurationList;
			buildConfigurations = (
				B3EDC9F02BEC651700566FE5 /* Debug */,
				B3EDC9F12BEC651700566FE5 /* Release */,
			);
			defaultConfigurationIsVisible = 0;
			defaultConfigurationName = Release;
		};
		B3EDC9F22BEC651700566FE5 /* Build configuration list for PBXNativeTarget "Piazza" */ = {
			isa = XCConfigurationList;
			buildConfigurations = (
				B3EDC9F32BEC651700566FE5 /* Debug */,
				B3EDC9F42BEC651700566FE5 /* Release */,
			);
			defaultConfigurationIsVisible = 0;
			defaultConfigurationName = Release;
		};
		B3EDC9F52BEC651700566FE5 /* Build configuration list for PBXNativeTarget "PiazzaTests" */ = {
			isa = XCConfigurationList;
			buildConfigurations = (
				B3EDC9F62BEC651700566FE5 /* Debug */,
				B3EDC9F72BEC651700566FE5 /* Release */,
			);
			defaultConfigurationIsVisible = 0;
			defaultConfigurationName = Release;
		};
		B3EDC9F82BEC651700566FE5 /* Build configuration list for PBXNativeTarget "PiazzaUITests" */ = {
			isa = XCConfigurationList;
			buildConfigurations = (
				B3EDC9F92BEC651700566FE5 /* Debug */,
				B3EDC9FA2BEC651700566FE5 /* Release */,
			);
			defaultConfigurationIsVisible = 0;
			defaultConfigurationName = Release;
		};
/* End XCConfigurationList section */

/* Begin XCRemoteSwiftPackageReference section */
		B3EDC9FB2BEC659600566FE5 /* XCRemoteSwiftPackageReference "turbo-ios" */ = {
			isa = XCRemoteSwiftPackageReference;
			repositoryURL = "https://github.com/hotwired/turbo-ios";
			requirement = {
				kind = upToNextMinorVersion;
				minimumVersion = 7.0.1;
			};
		};
		B3EDC9FE2BEC661600566FE5 /* XCRemoteSwiftPackageReference "strada-ios" */ = {
			isa = XCRemoteSwiftPackageReference;
			repositoryURL = "https://github.com/hotwired/strada-ios";
			requirement = {
				kind = upToNextMinorVersion;
				minimumVersion = "1.0.0-beta2";
			};
		};
/* End XCRemoteSwiftPackageReference section */

/* Begin XCSwiftPackageProductDependency section */
		B3EDC9FC2BEC659600566FE5 /* Turbo */ = {
			isa = XCSwiftPackageProductDependency;
			package = B3EDC9FB2BEC659600566FE5 /* XCRemoteSwiftPackageReference "turbo-ios" */;
			productName = Turbo;
		};
		B3EDC9FF2BEC661600566FE5 /* Strada */ = {
			isa = XCSwiftPackageProductDependency;
			package = B3EDC9FE2BEC661600566FE5 /* XCRemoteSwiftPackageReference "strada-ios" */;
			productName = Strada;
		};
/* End XCSwiftPackageProductDependency section */
	};
	rootObject = B3EDC9C02BEC651200566FE5 /* Project object */;
}
